// !$*UTF8*$!
{
	archiveVersion = 1;
	classes = {
	};
	objectVersion = 46;
	objects = {

/* Begin PBXBuildFile section */
		B78B07111CAEFE41006B850E /* BLEDataProcessor.swift in Sources */ = {isa = PBXBuildFile; fileRef = B78B06FB1CAEFE41006B850E /* BLEDataProcessor.swift */; };
		B78B07121CAEFE41006B850E /* BLEDevice.swift in Sources */ = {isa = PBXBuildFile; fileRef = B78B06FC1CAEFE41006B850E /* BLEDevice.swift */; };
		B78B07131CAEFE41006B850E /* MemberInfo.swift in Sources */ = {isa = PBXBuildFile; fileRef = B78B06FD1CAEFE41006B850E /* MemberInfo.swift */; };
		B78B07141CAEFE41006B850E /* Members.swift in Sources */ = {isa = PBXBuildFile; fileRef = B78B06FE1CAEFE41006B850E /* Members.swift */; };
		B78B07151CAEFE41006B850E /* LMGaugeView.m in Sources */ = {isa = PBXBuildFile; fileRef = B78B07031CAEFE41006B850E /* LMGaugeView.m */; };
		B78B07161CAEFE41006B850E /* BLE.m in Sources */ = {isa = PBXBuildFile; fileRef = B78B07071CAEFE41006B850E /* BLE.m */; };
		B78B07171CAEFE41006B850E /* BLE.swift in Sources */ = {isa = PBXBuildFile; fileRef = B78B07081CAEFE41006B850E /* BLE.swift */; };
		B78B07181CAEFE41006B850E /* RBLProtocol.m in Sources */ = {isa = PBXBuildFile; fileRef = B78B070C1CAEFE41006B850E /* RBLProtocol.m */; };
		B78B07191CAEFE41006B850E /* ENSideMenu.swift in Sources */ = {isa = PBXBuildFile; fileRef = B78B070E1CAEFE41006B850E /* ENSideMenu.swift */; };
		B78B071A1CAEFE41006B850E /* HRToast+UIView.swift in Sources */ = {isa = PBXBuildFile; fileRef = B78B07101CAEFE41006B850E /* HRToast+UIView.swift */; };
		B78B071C1CAEFE62006B850E /* LoginViewController.swift in Sources */ = {isa = PBXBuildFile; fileRef = B78B071B1CAEFE62006B850E /* LoginViewController.swift */; };
		B78B071E1CAEFE7B006B850E /* MainViewController.swift in Sources */ = {isa = PBXBuildFile; fileRef = B78B071D1CAEFE7B006B850E /* MainViewController.swift */; };
		B78B07201CAEFE8E006B850E /* MeasureViewController.swift in Sources */ = {isa = PBXBuildFile; fileRef = B78B071F1CAEFE8E006B850E /* MeasureViewController.swift */; };
		B78B07241CAEFF10006B850E /* CalibrateViewController.swift in Sources */ = {isa = PBXBuildFile; fileRef = B78B07211CAEFF10006B850E /* CalibrateViewController.swift */; };
		B78B07251CAEFF10006B850E /* RBLDeviceCell.swift in Sources */ = {isa = PBXBuildFile; fileRef = B78B07221CAEFF10006B850E /* RBLDeviceCell.swift */; };
		B78B07261CAEFF10006B850E /* RBLDevicesViewController.swift in Sources */ = {isa = PBXBuildFile; fileRef = B78B07231CAEFF10006B850E /* RBLDevicesViewController.swift */; };
		B7D8CC241CB1A84E0013EF92 /* Charts.framework in Frameworks */ = {isa = PBXBuildFile; fileRef = B7D8CC221CB1A84E0013EF92 /* Charts.framework */; };
		B7D8CC251CB1A84E0013EF92 /* SigmaSwiftStatistics.framework in Frameworks */ = {isa = PBXBuildFile; fileRef = B7D8CC231CB1A84E0013EF92 /* SigmaSwiftStatistics.framework */; };
		B7F7F8D81CAE26AC00D25BC5 /* AppDelegate.swift in Sources */ = {isa = PBXBuildFile; fileRef = B7F7F8D71CAE26AC00D25BC5 /* AppDelegate.swift */; };
		B7F7F8DD1CAE26AC00D25BC5 /* Main.storyboard in Resources */ = {isa = PBXBuildFile; fileRef = B7F7F8DB1CAE26AC00D25BC5 /* Main.storyboard */; };
		B7F7F8DF1CAE26AC00D25BC5 /* Assets.xcassets in Resources */ = {isa = PBXBuildFile; fileRef = B7F7F8DE1CAE26AC00D25BC5 /* Assets.xcassets */; };
		B7F7F8E21CAE26AC00D25BC5 /* LaunchScreen.storyboard in Resources */ = {isa = PBXBuildFile; fileRef = B7F7F8E01CAE26AC00D25BC5 /* LaunchScreen.storyboard */; };
/* End PBXBuildFile section */

/* Begin PBXFileReference section */
		B78B06FB1CAEFE41006B850E /* BLEDataProcessor.swift */ = {isa = PBXFileReference; fileEncoding = 4; lastKnownFileType = sourcecode.swift; path = BLEDataProcessor.swift; sourceTree = "<group>"; };
		B78B06FC1CAEFE41006B850E /* BLEDevice.swift */ = {isa = PBXFileReference; fileEncoding = 4; lastKnownFileType = sourcecode.swift; path = BLEDevice.swift; sourceTree = "<group>"; };
		B78B06FD1CAEFE41006B850E /* MemberInfo.swift */ = {isa = PBXFileReference; fileEncoding = 4; lastKnownFileType = sourcecode.swift; path = MemberInfo.swift; sourceTree = "<group>"; };
		B78B06FE1CAEFE41006B850E /* Members.swift */ = {isa = PBXFileReference; fileEncoding = 4; lastKnownFileType = sourcecode.swift; path = Members.swift; sourceTree = "<group>"; };
		B78B07001CAEFE41006B850E /* bridging.h */ = {isa = PBXFileReference; fileEncoding = 4; lastKnownFileType = sourcecode.c.h; path = bridging.h; sourceTree = "<group>"; };
		B78B07021CAEFE41006B850E /* LMGaugeView.h */ = {isa = PBXFileReference; fileEncoding = 4; lastKnownFileType = sourcecode.c.h; path = LMGaugeView.h; sourceTree = "<group>"; };
		B78B07031CAEFE41006B850E /* LMGaugeView.m */ = {isa = PBXFileReference; fileEncoding = 4; lastKnownFileType = sourcecode.c.objc; path = LMGaugeView.m; sourceTree = "<group>"; };
		B78B07061CAEFE41006B850E /* BLE.h */ = {isa = PBXFileReference; fileEncoding = 4; lastKnownFileType = sourcecode.c.h; path = BLE.h; sourceTree = "<group>"; };
		B78B07071CAEFE41006B850E /* BLE.m */ = {isa = PBXFileReference; fileEncoding = 4; lastKnownFileType = sourcecode.c.objc; path = BLE.m; sourceTree = "<group>"; };
		B78B07081CAEFE41006B850E /* BLE.swift */ = {isa = PBXFileReference; fileEncoding = 4; lastKnownFileType = sourcecode.swift; path = BLE.swift; sourceTree = "<group>"; };
		B78B07091CAEFE41006B850E /* BLEDefines.h */ = {isa = PBXFileReference; fileEncoding = 4; lastKnownFileType = sourcecode.c.h; path = BLEDefines.h; sourceTree = "<group>"; };
		B78B070B1CAEFE41006B850E /* RBLProtocol.h */ = {isa = PBXFileReference; fileEncoding = 4; lastKnownFileType = sourcecode.c.h; path = RBLProtocol.h; sourceTree = "<group>"; };
		B78B070C1CAEFE41006B850E /* RBLProtocol.m */ = {isa = PBXFileReference; fileEncoding = 4; lastKnownFileType = sourcecode.c.objc; path = RBLProtocol.m; sourceTree = "<group>"; };
		B78B070E1CAEFE41006B850E /* ENSideMenu.swift */ = {isa = PBXFileReference; fileEncoding = 4; lastKnownFileType = sourcecode.swift; path = ENSideMenu.swift; sourceTree = "<group>"; };
		B78B07101CAEFE41006B850E /* HRToast+UIView.swift */ = {isa = PBXFileReference; fileEncoding = 4; lastKnownFileType = sourcecode.swift; path = "HRToast+UIView.swift"; sourceTree = "<group>"; };
		B78B071B1CAEFE62006B850E /* LoginViewController.swift */ = {isa = PBXFileReference; fileEncoding = 4; lastKnownFileType = sourcecode.swift; name = LoginViewController.swift; path = ui/LoginViewController.swift; sourceTree = "<group>"; };
		B78B071D1CAEFE7B006B850E /* MainViewController.swift */ = {isa = PBXFileReference; fileEncoding = 4; lastKnownFileType = sourcecode.swift; name = MainViewController.swift; path = ui/MainViewController.swift; sourceTree = "<group>"; };
		B78B071F1CAEFE8E006B850E /* MeasureViewController.swift */ = {isa = PBXFileReference; fileEncoding = 4; lastKnownFileType = sourcecode.swift; name = MeasureViewController.swift; path = ui/MeasureViewController.swift; sourceTree = "<group>"; };
		B78B07211CAEFF10006B850E /* CalibrateViewController.swift */ = {isa = PBXFileReference; fileEncoding = 4; lastKnownFileType = sourcecode.swift; name = CalibrateViewController.swift; path = ui/CalibrateViewController.swift; sourceTree = "<group>"; };
		B78B07221CAEFF10006B850E /* RBLDeviceCell.swift */ = {isa = PBXFileReference; fileEncoding = 4; lastKnownFileType = sourcecode.swift; name = RBLDeviceCell.swift; path = ui/RBLDeviceCell.swift; sourceTree = "<group>"; };
		B78B07231CAEFF10006B850E /* RBLDevicesViewController.swift */ = {isa = PBXFileReference; fileEncoding = 4; lastKnownFileType = sourcecode.swift; name = RBLDevicesViewController.swift; path = ui/RBLDevicesViewController.swift; sourceTree = "<group>"; };
		B7D8CC221CB1A84E0013EF92 /* Charts.framework */ = {isa = PBXFileReference; lastKnownFileType = wrapper.framework; name = Charts.framework; path = Carthage/Build/iOS/Charts.framework; sourceTree = "<group>"; };
		B7D8CC231CB1A84E0013EF92 /* SigmaSwiftStatistics.framework */ = {isa = PBXFileReference; lastKnownFileType = wrapper.framework; name = SigmaSwiftStatistics.framework; path = Carthage/Build/iOS/SigmaSwiftStatistics.framework; sourceTree = "<group>"; };
		B7F7F8D41CAE26AB00D25BC5 /* GeekMouse.app */ = {isa = PBXFileReference; explicitFileType = wrapper.application; includeInIndex = 0; path = GeekMouse.app; sourceTree = BUILT_PRODUCTS_DIR; };
		B7F7F8D71CAE26AC00D25BC5 /* AppDelegate.swift */ = {isa = PBXFileReference; lastKnownFileType = sourcecode.swift; path = AppDelegate.swift; sourceTree = "<group>"; };
		B7F7F8DC1CAE26AC00D25BC5 /* Base */ = {isa = PBXFileReference; lastKnownFileType = file.storyboard; name = Base; path = Base.lproj/Main.storyboard; sourceTree = "<group>"; };
		B7F7F8DE1CAE26AC00D25BC5 /* Assets.xcassets */ = {isa = PBXFileReference; lastKnownFileType = folder.assetcatalog; path = Assets.xcassets; sourceTree = "<group>"; };
		B7F7F8E11CAE26AC00D25BC5 /* Base */ = {isa = PBXFileReference; lastKnownFileType = file.storyboard; name = Base; path = Base.lproj/LaunchScreen.storyboard; sourceTree = "<group>"; };
		B7F7F8E31CAE26AC00D25BC5 /* Info.plist */ = {isa = PBXFileReference; lastKnownFileType = text.plist.xml; path = Info.plist; sourceTree = "<group>"; };
/* End PBXFileReference section */

/* Begin PBXFrameworksBuildPhase section */
		B7F7F8D11CAE26AB00D25BC5 /* Frameworks */ = {
			isa = PBXFrameworksBuildPhase;
			buildActionMask = 2147483647;
			files = (
				B7D8CC241CB1A84E0013EF92 /* Charts.framework in Frameworks */,
				B7D8CC251CB1A84E0013EF92 /* SigmaSwiftStatistics.framework in Frameworks */,
			);
			runOnlyForDeploymentPostprocessing = 0;
		};
/* End PBXFrameworksBuildPhase section */

/* Begin PBXGroup section */
		B78B06F71CAEFE08006B850E /* ui */ = {
			isa = PBXGroup;
			children = (
				B78B07211CAEFF10006B850E /* CalibrateViewController.swift */,
				B78B07221CAEFF10006B850E /* RBLDeviceCell.swift */,
				B78B07231CAEFF10006B850E /* RBLDevicesViewController.swift */,
				B78B071B1CAEFE62006B850E /* LoginViewController.swift */,
				B78B071D1CAEFE7B006B850E /* MainViewController.swift */,
				B78B071F1CAEFE8E006B850E /* MeasureViewController.swift */,
			);
			name = ui;
			sourceTree = "<group>";
		};
		B78B06FA1CAEFE41006B850E /* data */ = {
			isa = PBXGroup;
			children = (
				B78B06FB1CAEFE41006B850E /* BLEDataProcessor.swift */,
				B78B06FC1CAEFE41006B850E /* BLEDevice.swift */,
				B78B06FD1CAEFE41006B850E /* MemberInfo.swift */,
				B78B06FE1CAEFE41006B850E /* Members.swift */,
			);
			path = data;
			sourceTree = "<group>";
		};
		B78B06FF1CAEFE41006B850E /* libs */ = {
			isa = PBXGroup;
			children = (
				B78B07001CAEFE41006B850E /* bridging.h */,
				B78B07011CAEFE41006B850E /* LMGaugeView */,
				B78B07041CAEFE41006B850E /* RBLibrary */,
				B78B070D1CAEFE41006B850E /* SwiftSideMenu */,
				B78B070F1CAEFE41006B850E /* Toast */,
			);
			path = libs;
			sourceTree = "<group>";
		};
		B78B07011CAEFE41006B850E /* LMGaugeView */ = {
			isa = PBXGroup;
			children = (
				B78B07021CAEFE41006B850E /* LMGaugeView.h */,
				B78B07031CAEFE41006B850E /* LMGaugeView.m */,
			);
			path = LMGaugeView;
			sourceTree = "<group>";
		};
		B78B07041CAEFE41006B850E /* RBLibrary */ = {
			isa = PBXGroup;
			children = (
				B78B07051CAEFE41006B850E /* BLE */,
				B78B070A1CAEFE41006B850E /* RBLProtocol */,
			);
			path = RBLibrary;
			sourceTree = "<group>";
		};
		B78B07051CAEFE41006B850E /* BLE */ = {
			isa = PBXGroup;
			children = (
				B78B07061CAEFE41006B850E /* BLE.h */,
				B78B07071CAEFE41006B850E /* BLE.m */,
				B78B07081CAEFE41006B850E /* BLE.swift */,
				B78B07091CAEFE41006B850E /* BLEDefines.h */,
			);
			path = BLE;
			sourceTree = "<group>";
		};
		B78B070A1CAEFE41006B850E /* RBLProtocol */ = {
			isa = PBXGroup;
			children = (
				B78B070B1CAEFE41006B850E /* RBLProtocol.h */,
				B78B070C1CAEFE41006B850E /* RBLProtocol.m */,
			);
			path = RBLProtocol;
			sourceTree = "<group>";
		};
		B78B070D1CAEFE41006B850E /* SwiftSideMenu */ = {
			isa = PBXGroup;
			children = (
				B78B070E1CAEFE41006B850E /* ENSideMenu.swift */,
			);
			path = SwiftSideMenu;
			sourceTree = "<group>";
		};
		B78B070F1CAEFE41006B850E /* Toast */ = {
			isa = PBXGroup;
			children = (
				B78B07101CAEFE41006B850E /* HRToast+UIView.swift */,
			);
			path = Toast;
			sourceTree = "<group>";
		};
		B7F7F8CB1CAE26AB00D25BC5 = {
			isa = PBXGroup;
			children = (
				B7D8CC221CB1A84E0013EF92 /* Charts.framework */,
				B7D8CC231CB1A84E0013EF92 /* SigmaSwiftStatistics.framework */,
				B7F7F8D61CAE26AC00D25BC5 /* GeekMouse */,
				B7F7F8D51CAE26AB00D25BC5 /* Products */,
			);
			sourceTree = "<group>";
		};
		B7F7F8D51CAE26AB00D25BC5 /* Products */ = {
			isa = PBXGroup;
			children = (
				B7F7F8D41CAE26AB00D25BC5 /* GeekMouse.app */,
			);
			name = Products;
			sourceTree = "<group>";
		};
		B7F7F8D61CAE26AC00D25BC5 /* GeekMouse */ = {
			isa = PBXGroup;
			children = (
				B78B06FA1CAEFE41006B850E /* data */,
				B78B06FF1CAEFE41006B850E /* libs */,
				B78B06F71CAEFE08006B850E /* ui */,
				B7F7F8D71CAE26AC00D25BC5 /* AppDelegate.swift */,
				B7F7F8DB1CAE26AC00D25BC5 /* Main.storyboard */,
				B7F7F8DE1CAE26AC00D25BC5 /* Assets.xcassets */,
				B7F7F8E01CAE26AC00D25BC5 /* LaunchScreen.storyboard */,
				B7F7F8E31CAE26AC00D25BC5 /* Info.plist */,
			);
			path = GeekMouse;
			sourceTree = "<group>";
		};
/* End PBXGroup section */

/* Begin PBXNativeTarget section */
		B7F7F8D31CAE26AB00D25BC5 /* GeekMouse */ = {
			isa = PBXNativeTarget;
			buildConfigurationList = B7F7F8E61CAE26AC00D25BC5 /* Build configuration list for PBXNativeTarget "GeekMouse" */;
			buildPhases = (
				B7F7F8D01CAE26AB00D25BC5 /* Sources */,
				B7F7F8D11CAE26AB00D25BC5 /* Frameworks */,
				B7F7F8D21CAE26AB00D25BC5 /* Resources */,
				B7D8CC261CB1A8640013EF92 /* ShellScript */,
			);
			buildRules = (
			);
			dependencies = (
			);
			name = GeekMouse;
			productName = GeekMouse;
			productReference = B7F7F8D41CAE26AB00D25BC5 /* GeekMouse.app */;
			productType = "com.apple.product-type.application";
		};
/* End PBXNativeTarget section */

/* Begin PBXProject section */
		B7F7F8CC1CAE26AB00D25BC5 /* Project object */ = {
			isa = PBXProject;
			attributes = {
				LastSwiftUpdateCheck = 0730;
				LastUpgradeCheck = 0730;
				ORGANIZATIONNAME = hyong;
				TargetAttributes = {
					B7F7F8D31CAE26AB00D25BC5 = {
						CreatedOnToolsVersion = 7.3;
					};
				};
			};
			buildConfigurationList = B7F7F8CF1CAE26AB00D25BC5 /* Build configuration list for PBXProject "GeekMouse" */;
			compatibilityVersion = "Xcode 3.2";
			developmentRegion = English;
			hasScannedForEncodings = 0;
			knownRegions = (
				en,
				Base,
			);
			mainGroup = B7F7F8CB1CAE26AB00D25BC5;
			productRefGroup = B7F7F8D51CAE26AB00D25BC5 /* Products */;
			projectDirPath = "";
			projectRoot = "";
			targets = (
				B7F7F8D31CAE26AB00D25BC5 /* GeekMouse */,
			);
		};
/* End PBXProject section */

/* Begin PBXResourcesBuildPhase section */
		B7F7F8D21CAE26AB00D25BC5 /* Resources */ = {
			isa = PBXResourcesBuildPhase;
			buildActionMask = 2147483647;
			files = (
				B7F7F8E21CAE26AC00D25BC5 /* LaunchScreen.storyboard in Resources */,
				B7F7F8DF1CAE26AC00D25BC5 /* Assets.xcassets in Resources */,
				B7F7F8DD1CAE26AC00D25BC5 /* Main.storyboard in Resources */,
			);
			runOnlyForDeploymentPostprocessing = 0;
		};
/* End PBXResourcesBuildPhase section */

/* Begin PBXShellScriptBuildPhase section */
		B7D8CC261CB1A8640013EF92 /* ShellScript */ = {
			isa = PBXShellScriptBuildPhase;
			buildActionMask = 2147483647;
			files = (
			);
			inputPaths = (
				"$(SRCROOT)/Carthage/Build/iOS/Charts.framework",
				"$(SRCROOT)/Carthage/Build/iOS/SigmaSwiftStatistics.framework",
			);
			outputPaths = (
			);
			runOnlyForDeploymentPostprocessing = 0;
			shellPath = /bin/sh;
			shellScript = "/usr/local/bin/carthage copy-frameworks";
		};
/* End PBXShellScriptBuildPhase section */

/* Begin PBXSourcesBuildPhase section */
		B7F7F8D01CAE26AB00D25BC5 /* Sources */ = {
			isa = PBXSourcesBuildPhase;
			buildActionMask = 2147483647;
			files = (
				B78B07131CAEFE41006B850E /* MemberInfo.swift in Sources */,
				B78B07151CAEFE41006B850E /* LMGaugeView.m in Sources */,
				B78B07181CAEFE41006B850E /* RBLProtocol.m in Sources */,
				B78B07201CAEFE8E006B850E /* MeasureViewController.swift in Sources */,
				B78B07111CAEFE41006B850E /* BLEDataProcessor.swift in Sources */,
				B78B07191CAEFE41006B850E /* ENSideMenu.swift in Sources */,
				B78B07161CAEFE41006B850E /* BLE.m in Sources */,
				B78B07121CAEFE41006B850E /* BLEDevice.swift in Sources */,
				B78B07241CAEFF10006B850E /* CalibrateViewController.swift in Sources */,
				B78B071E1CAEFE7B006B850E /* MainViewController.swift in Sources */,
				B78B07141CAEFE41006B850E /* Members.swift in Sources */,
				B78B071A1CAEFE41006B850E /* HRToast+UIView.swift in Sources */,
				B78B07171CAEFE41006B850E /* BLE.swift in Sources */,
				B78B071C1CAEFE62006B850E /* LoginViewController.swift in Sources */,
				B78B07251CAEFF10006B850E /* RBLDeviceCell.swift in Sources */,
				B7F7F8D81CAE26AC00D25BC5 /* AppDelegate.swift in Sources */,
				B78B07261CAEFF10006B850E /* RBLDevicesViewController.swift in Sources */,
			);
			runOnlyForDeploymentPostprocessing = 0;
		};
/* End PBXSourcesBuildPhase section */

/* Begin PBXVariantGroup section */
		B7F7F8DB1CAE26AC00D25BC5 /* Main.storyboard */ = {
			isa = PBXVariantGroup;
			children = (
				B7F7F8DC1CAE26AC00D25BC5 /* Base */,
			);
			name = Main.storyboard;
			sourceTree = "<group>";
		};
		B7F7F8E01CAE26AC00D25BC5 /* LaunchScreen.storyboard */ = {
			isa = PBXVariantGroup;
			children = (
				B7F7F8E11CAE26AC00D25BC5 /* Base */,
			);
			name = LaunchScreen.storyboard;
			sourceTree = "<group>";
		};
/* End PBXVariantGroup section */

/* Begin XCBuildConfiguration section */
		B7F7F8E41CAE26AC00D25BC5 /* Debug */ = {
			isa = XCBuildConfiguration;
			buildSettings = {
				ALWAYS_SEARCH_USER_PATHS = NO;
				CLANG_ANALYZER_NONNULL = YES;
				CLANG_CXX_LANGUAGE_STANDARD = "gnu++0x";
				CLANG_CXX_LIBRARY = "libc++";
				CLANG_ENABLE_MODULES = YES;
				CLANG_ENABLE_OBJC_ARC = YES;
				CLANG_WARN_BOOL_CONVERSION = YES;
				CLANG_WARN_CONSTANT_CONVERSION = YES;
				CLANG_WARN_DIRECT_OBJC_ISA_USAGE = YES_ERROR;
				CLANG_WARN_EMPTY_BODY = YES;
				CLANG_WARN_ENUM_CONVERSION = YES;
				CLANG_WARN_INT_CONVERSION = YES;
				CLANG_WARN_OBJC_ROOT_CLASS = YES_ERROR;
				CLANG_WARN_UNREACHABLE_CODE = YES;
				CLANG_WARN__DUPLICATE_METHOD_MATCH = YES;
				"CODE_SIGN_IDENTITY[sdk=iphoneos*]" = "iPhone Developer";
				COPY_PHASE_STRIP = NO;
				DEBUG_INFORMATION_FORMAT = dwarf;
				ENABLE_STRICT_OBJC_MSGSEND = YES;
				ENABLE_TESTABILITY = YES;
				GCC_C_LANGUAGE_STANDARD = gnu99;
				GCC_DYNAMIC_NO_PIC = NO;
				GCC_NO_COMMON_BLOCKS = YES;
				GCC_OPTIMIZATION_LEVEL = 0;
				GCC_PREPROCESSOR_DEFINITIONS = (
					"DEBUG=1",
					"$(inherited)",
				);
				GCC_WARN_64_TO_32_BIT_CONVERSION = YES;
				GCC_WARN_ABOUT_RETURN_TYPE = YES_ERROR;
				GCC_WARN_UNDECLARED_SELECTOR = YES;
				GCC_WARN_UNINITIALIZED_AUTOS = YES_AGGRESSIVE;
				GCC_WARN_UNUSED_FUNCTION = YES;
				GCC_WARN_UNUSED_VARIABLE = YES;
				IPHONEOS_DEPLOYMENT_TARGET = 9.3;
				MTL_ENABLE_DEBUG_INFO = YES;
				ONLY_ACTIVE_ARCH = YES;
				SDKROOT = iphoneos;
				SWIFT_OPTIMIZATION_LEVEL = "-Onone";
			};
			name = Debug;
		};
		B7F7F8E51CAE26AC00D25BC5 /* Release */ = {
			isa = XCBuildConfiguration;
			buildSettings = {
				ALWAYS_SEARCH_USER_PATHS = NO;
				CLANG_ANALYZER_NONNULL = YES;
				CLANG_CXX_LANGUAGE_STANDARD = "gnu++0x";
				CLANG_CXX_LIBRARY = "libc++";
				CLANG_ENABLE_MODULES = YES;
				CLANG_ENABLE_OBJC_ARC = YES;
				CLANG_WARN_BOOL_CONVERSION = YES;
				CLANG_WARN_CONSTANT_CONVERSION = YES;
				CLANG_WARN_DIRECT_OBJC_ISA_USAGE = YES_ERROR;
				CLANG_WARN_EMPTY_BODY = YES;
				CLANG_WARN_ENUM_CONVERSION = YES;
				CLANG_WARN_INT_CONVERSION = YES;
				CLANG_WARN_OBJC_ROOT_CLASS = YES_ERROR;
				CLANG_WARN_UNREACHABLE_CODE = YES;
				CLANG_WARN__DUPLICATE_METHOD_MATCH = YES;
				"CODE_SIGN_IDENTITY[sdk=iphoneos*]" = "iPhone Developer";
				COPY_PHASE_STRIP = NO;
				DEBUG_INFORMATION_FORMAT = "dwarf-with-dsym";
				ENABLE_NS_ASSERTIONS = NO;
				ENABLE_STRICT_OBJC_MSGSEND = YES;
				GCC_C_LANGUAGE_STANDARD = gnu99;
				GCC_NO_COMMON_BLOCKS = YES;
				GCC_WARN_64_TO_32_BIT_CONVERSION = YES;
				GCC_WARN_ABOUT_RETURN_TYPE = YES_ERROR;
				GCC_WARN_UNDECLARED_SELECTOR = YES;
				GCC_WARN_UNINITIALIZED_AUTOS = YES_AGGRESSIVE;
				GCC_WARN_UNUSED_FUNCTION = YES;
				GCC_WARN_UNUSED_VARIABLE = YES;
				IPHONEOS_DEPLOYMENT_TARGET = 9.3;
				MTL_ENABLE_DEBUG_INFO = NO;
				SDKROOT = iphoneos;
				VALIDATE_PRODUCT = YES;
			};
			name = Release;
		};
		B7F7F8E71CAE26AC00D25BC5 /* Debug */ = {
			isa = XCBuildConfiguration;
			buildSettings = {
				ASSETCATALOG_COMPILER_APPICON_NAME = AppIcon;
				FRAMEWORK_SEARCH_PATHS = (
					"$(inherited)",
					"$(PROJECT_DIR)/Carthage/Build/iOS",
				);
				INFOPLIST_FILE = GeekMouse/Info.plist;
				LD_RUNPATH_SEARCH_PATHS = "$(inherited) @executable_path/Frameworks";
				PRODUCT_BUNDLE_IDENTIFIER = com.hyong.GeekMouse;
				PRODUCT_NAME = "$(TARGET_NAME)";
			};
			name = Debug;
		};
		B7F7F8E81CAE26AC00D25BC5 /* Release */ = {
			isa = XCBuildConfiguration;
			buildSettings = {
				ASSETCATALOG_COMPILER_APPICON_NAME = AppIcon;
				FRAMEWORK_SEARCH_PATHS = (
					"$(inherited)",
					"$(PROJECT_DIR)/Carthage/Build/iOS",
				);
				INFOPLIST_FILE = GeekMouse/Info.plist;
				LD_RUNPATH_SEARCH_PATHS = "$(inherited) @executable_path/Frameworks";
				PRODUCT_BUNDLE_IDENTIFIER = com.hyong.GeekMouse;
				PRODUCT_NAME = "$(TARGET_NAME)";
			};
			name = Release;
		};
/* End XCBuildConfiguration section */

/* Begin XCConfigurationList section */
		B7F7F8CF1CAE26AB00D25BC5 /* Build configuration list for PBXProject "GeekMouse" */ = {
			isa = XCConfigurationList;
			buildConfigurations = (
				B7F7F8E41CAE26AC00D25BC5 /* Debug */,
				B7F7F8E51CAE26AC00D25BC5 /* Release */,
			);
			defaultConfigurationIsVisible = 0;
			defaultConfigurationName = Release;
		};
		B7F7F8E61CAE26AC00D25BC5 /* Build configuration list for PBXNativeTarget "GeekMouse" */ = {
			isa = XCConfigurationList;
			buildConfigurations = (
				B7F7F8E71CAE26AC00D25BC5 /* Debug */,
				B7F7F8E81CAE26AC00D25BC5 /* Release */,
			);
			defaultConfigurationIsVisible = 0;
			defaultConfigurationName = Release;
		};
/* End XCConfigurationList section */
	};
	rootObject = B7F7F8CC1CAE26AB00D25BC5 /* Project object */;
}
